
Microsoft Visual Studio Solution File, Format Version 12.00
# Visual Studio Version 17
VisualStudioVersion = 17.2.32526.322
MinimumVisualStudioVersion = 10.0.40219.1
Project("{FAE04EC0-301F-11D3-BF4B-00C04F79EFBC}") = "Poligram-naloga-Marko-Simunovic", "Poligram-naloga-Marko-Simunovic\Poligram-naloga-Marko-Simunovic.csproj", "{BCFDC6A6-66A3-4688-9C0D-04730BBF0946}"
EndProject
Global
	GlobalSection(SolutionConfigurationPlatforms) = preSolution
		Debug|Any CPU = Debug|Any CPU
		Release|Any CPU = Release|Any CPU
	EndGlobalSection
	GlobalSection(ProjectConfigurationPlatforms) = postSolution
		{BCFDC6A6-66A3-4688-9C0D-04730BBF0946}.Debug|Any CPU.ActiveCfg = Debug|Any CPU
		{BCFDC6A6-66A3-4688-9C0D-04730BBF0946}.Debug|Any CPU.Build.0 = Debug|Any CPU
		{BCFDC6A6-66A3-4688-9C0D-04730BBF0946}.Release|Any CPU.ActiveCfg = Release|Any CPU
		{BCFDC6A6-66A3-4688-9C0D-04730BBF0946}.Release|Any CPU.Build.0 = Release|Any CPU
	EndGlobalSection
	GlobalSection(SolutionProperties) = preSolution
		HideSolutionNode = FALSE
	EndGlobalSection
	GlobalSection(ExtensibilityGlobals) = postSolution
		SolutionGuid = {D8DC9D1B-7C00-4E48-859C-B8D5F24E2833}
	EndGlobalSection
EndGlobal
